<Solution>
  <Project Path="Freera.App/Freera.App.csproj" />
  <Project Path="Freera.CommandLine.Interfaces/Freera.CommandLine.Interfaces.csproj" Id="23cce967-d996-4471-9dd8-be2fa0806495" />
  <Project Path="Freera.CommandLine/Freera.CommandLine.Implementation.csproj" Id="eb571626-f5b6-40f2-a38d-afe71e05478a" />
  <Project Path="Freera.Exceptions/Freera.Exceptions.csproj" />
  <Project Path="Freera.Interfaces/Freera.Interfaces.csproj" />
  <Project Path="Freera.Library.Implementation/Freera.Library.Implementation.csproj" Id="f506f039-f2ca-4ae5-a261-d6363b15627d" />
  <Project Path="Freera.Library.Interfaces/Freera.Library.Interfaces.csproj" Id="c3a0a347-e318-484f-98ee-f8e3df76670d" />
  <Project Path="Freera.Model/Freera.Model.csproj" />
</Solution>
